
Microsoft Visual Studio Solution File, Format Version 12.00
# Visual Studio Version 17
VisualStudioVersion = 17.10.35122.118
MinimumVisualStudioVersion = 10.0.40219.1
Project("{FAE04EC0-301F-11D3-BF4B-00C04F79EFBC}") = "NodeGraph.Editor", "..\..\NodeGraph.Editor.csproj", "{D7D0FBC2-A77D-E5D9-1B51-E7EE0F5C43A3}"
EndProject
Project("{FAE04EC0-301F-11D3-BF4B-00C04F79EFBC}") = "NodeGraph", "..\..\NodeGraph.csproj", "{DD64BD6F-7DA1-B181-772B-5848817800F5}"
EndProject
Project("{FAE04EC0-301F-11D3-BF4B-00C04F79EFBC}") = "NodeGraph.Git", "NodeGraph.Git.csproj", "{C6C748BD-C35D-41D1-A09D-215DCD7C1813}"
EndProject
Global
	GlobalSection(SolutionConfigurationPlatforms) = preSolution
		Debug|Any CPU = Debug|Any CPU
		Release|Any CPU = Release|Any CPU
	EndGlobalSection
	GlobalSection(ProjectConfigurationPlatforms) = postSolution
		{D7D0FBC2-A77D-E5D9-1B51-E7EE0F5C43A3}.Debug|Any CPU.ActiveCfg = Debug|Any CPU
		{D7D0FBC2-A77D-E5D9-1B51-E7EE0F5C43A3}.Debug|Any CPU.Build.0 = Debug|Any CPU
		{D7D0FBC2-A77D-E5D9-1B51-E7EE0F5C43A3}.Release|Any CPU.ActiveCfg = Release|Any CPU
		{D7D0FBC2-A77D-E5D9-1B51-E7EE0F5C43A3}.Release|Any CPU.Build.0 = Release|Any CPU
		{DD64BD6F-7DA1-B181-772B-5848817800F5}.Debug|Any CPU.ActiveCfg = Debug|Any CPU
		{DD64BD6F-7DA1-B181-772B-5848817800F5}.Debug|Any CPU.Build.0 = Debug|Any CPU
		{DD64BD6F-7DA1-B181-772B-5848817800F5}.Release|Any CPU.ActiveCfg = Release|Any CPU
		{DD64BD6F-7DA1-B181-772B-5848817800F5}.Release|Any CPU.Build.0 = Release|Any CPU
		{C6C748BD-C35D-41D1-A09D-215DCD7C1813}.Debug|Any CPU.ActiveCfg = Debug|Any CPU
		{C6C748BD-C35D-41D1-A09D-215DCD7C1813}.Debug|Any CPU.Build.0 = Debug|Any CPU
		{C6C748BD-C35D-41D1-A09D-215DCD7C1813}.Release|Any CPU.ActiveCfg = Release|Any CPU
		{C6C748BD-C35D-41D1-A09D-215DCD7C1813}.Release|Any CPU.Build.0 = Release|Any CPU
	EndGlobalSection
	GlobalSection(SolutionProperties) = preSolution
		HideSolutionNode = FALSE
	EndGlobalSection
	GlobalSection(ExtensibilityGlobals) = postSolution
		SolutionGuid = {6ED12BA1-59A8-43AD-A1C3-D4EB1498078E}
	EndGlobalSection
EndGlobal
